<?xml version="1.0" encoding="utf-8"?>
<Project ToolsVersion="4.0" xmlns="http://schemas.microsoft.com/developer/msbuild/2003">
  <ItemGroup>
    <Filter Include="Resource">
      <UniqueIdentifier>{67DA6AB6-F800-4c08-8B7A-83BB121AAD01}</UniqueIdentifier>
    </Filter>
    <Filter Include="Main">
      <UniqueIdentifier>{657e5e7d-d486-4ace-b860-a990053cfae6}</UniqueIdentifier>
    </Filter>
    <Filter Include="Header Files">
      <UniqueIdentifier>{2d410ecd-4ca7-4747-ba3f-75ab77d89a18}</UniqueIdentifier>
      <Extensions>*.h</Extensions>
    </Filter>
    <Filter Include="Source Files">
      <UniqueIdentifier>{0cd2c119-9a2f-47c4-8d75-e8e8ca6a4657}</UniqueIdentifier>
      <Extensions>*.cpp</Extensions>
    </Filter>
  </ItemGroup>
  <ItemGroup>
    <ClCompile Include="Source\EV3_main.cpp">
      <Filter>Main</Filter>
    </ClCompile>
    <ClCompile Include="Vec.cpp">
      <Filter>Source Files</Filter>
    </ClCompile>
  </ItemGroup>
  <ItemGroup>
    <ClInclude Include="Vec.h">
      <Filter>Header Files</Filter>
    </ClInclude>
  </ItemGroup>
</Project>